
Microsoft Visual Studio Solution File, Format Version 12.00
# Visual Studio 15
VisualStudioVersion = 15.0.28307.705
MinimumVisualStudioVersion = 10.0.40219.1
Project("{9A19103F-16F7-4668-BE54-9A1E7A4F7556}") = "Backend.API", "Backend.API\Backend.API.csproj", "{0606274F-8753-4ABF-BF6D-0077B1A133F2}"
EndProject
Project("{9A19103F-16F7-4668-BE54-9A1E7A4F7556}") = "Backend.API.Tests", "Backend.API.Tests\Backend.API.Tests.csproj", "{BAD6A1F4-8D0D-434F-9F13-A254FD2837F0}"
EndProject
Project("{9A19103F-16F7-4668-BE54-9A1E7A4F7556}") = "Backend.Services", "Backend.Services\Backend.Services.csproj", "{C2D9F448-4524-4C2C-A169-23118E175A8F}"
EndProject
Project("{9A19103F-16F7-4668-BE54-9A1E7A4F7556}") = "Backend.Services.Tests", "Backend.Services.Tests\Backend.Services.Tests.csproj", "{AA6D2AFC-C493-4BC4-87A0-F37DC8E31B9F}"
EndProject
Project("{9A19103F-16F7-4668-BE54-9A1E7A4F7556}") = "Backend.DataAccess", "Backend.DataAccess\Backend.DataAccess.csproj", "{1A9353A9-E4CF-4CDD-BEE3-06336121FF2F}"
EndProject
Project("{9A19103F-16F7-4668-BE54-9A1E7A4F7556}") = "Backend.Infrastructure", "Backend.Infrastructure\Backend.Infrastructure.csproj", "{645E6BBE-A1A7-4EC1-B6E3-CFF7090B7E98}"
EndProject
Project("{9A19103F-16F7-4668-BE54-9A1E7A4F7556}") = "Backend.Infrastructure.Tests", "Backend.Infrastructure.Tests\Backend.Infrastructure.Tests.csproj", "{CC41AE41-BF5B-412F-9D56-0836BD2F50A2}"
EndProject
Project("{2150E333-8FDC-42A3-9474-1A3956D46DE8}") = "Solution Items", "Solution Items", "{76F63F84-48A9-4770-9906-86570A829208}"
	ProjectSection(SolutionItems) = preProject
		.gitignore = .gitignore
		LICENSE = LICENSE
		README.md = README.md
	EndProjectSection
EndProject
Global
	GlobalSection(SolutionConfigurationPlatforms) = preSolution
		Debug|Any CPU = Debug|Any CPU
		Release|Any CPU = Release|Any CPU
	EndGlobalSection
	GlobalSection(ProjectConfigurationPlatforms) = postSolution
		{0606274F-8753-4ABF-BF6D-0077B1A133F2}.Debug|Any CPU.ActiveCfg = Debug|Any CPU
		{0606274F-8753-4ABF-BF6D-0077B1A133F2}.Debug|Any CPU.Build.0 = Debug|Any CPU
		{0606274F-8753-4ABF-BF6D-0077B1A133F2}.Release|Any CPU.ActiveCfg = Release|Any CPU
		{0606274F-8753-4ABF-BF6D-0077B1A133F2}.Release|Any CPU.Build.0 = Release|Any CPU
		{BAD6A1F4-8D0D-434F-9F13-A254FD2837F0}.Debug|Any CPU.ActiveCfg = Debug|Any CPU
		{BAD6A1F4-8D0D-434F-9F13-A254FD2837F0}.Debug|Any CPU.Build.0 = Debug|Any CPU
		{BAD6A1F4-8D0D-434F-9F13-A254FD2837F0}.Release|Any CPU.ActiveCfg = Release|Any CPU
		{BAD6A1F4-8D0D-434F-9F13-A254FD2837F0}.Release|Any CPU.Build.0 = Release|Any CPU
		{C2D9F448-4524-4C2C-A169-23118E175A8F}.Debug|Any CPU.ActiveCfg = Debug|Any CPU
		{C2D9F448-4524-4C2C-A169-23118E175A8F}.Debug|Any CPU.Build.0 = Debug|Any CPU
		{C2D9F448-4524-4C2C-A169-23118E175A8F}.Release|Any CPU.ActiveCfg = Release|Any CPU
		{C2D9F448-4524-4C2C-A169-23118E175A8F}.Release|Any CPU.Build.0 = Release|Any CPU
		{AA6D2AFC-C493-4BC4-87A0-F37DC8E31B9F}.Debug|Any CPU.ActiveCfg = Debug|Any CPU
		{AA6D2AFC-C493-4BC4-87A0-F37DC8E31B9F}.Debug|Any CPU.Build.0 = Debug|Any CPU
		{AA6D2AFC-C493-4BC4-87A0-F37DC8E31B9F}.Release|Any CPU.ActiveCfg = Release|Any CPU
		{AA6D2AFC-C493-4BC4-87A0-F37DC8E31B9F}.Release|Any CPU.Build.0 = Release|Any CPU
		{1A9353A9-E4CF-4CDD-BEE3-06336121FF2F}.Debug|Any CPU.ActiveCfg = Debug|Any CPU
		{1A9353A9-E4CF-4CDD-BEE3-06336121FF2F}.Debug|Any CPU.Build.0 = Debug|Any CPU
		{1A9353A9-E4CF-4CDD-BEE3-06336121FF2F}.Release|Any CPU.ActiveCfg = Release|Any CPU
		{1A9353A9-E4CF-4CDD-BEE3-06336121FF2F}.Release|Any CPU.Build.0 = Release|Any CPU
		{645E6BBE-A1A7-4EC1-B6E3-CFF7090B7E98}.Debug|Any CPU.ActiveCfg = Debug|Any CPU
		{645E6BBE-A1A7-4EC1-B6E3-CFF7090B7E98}.Debug|Any CPU.Build.0 = Debug|Any CPU
		{645E6BBE-A1A7-4EC1-B6E3-CFF7090B7E98}.Release|Any CPU.ActiveCfg = Release|Any CPU
		{645E6BBE-A1A7-4EC1-B6E3-CFF7090B7E98}.Release|Any CPU.Build.0 = Release|Any CPU
		{CC41AE41-BF5B-412F-9D56-0836BD2F50A2}.Debug|Any CPU.ActiveCfg = Debug|Any CPU
		{CC41AE41-BF5B-412F-9D56-0836BD2F50A2}.Debug|Any CPU.Build.0 = Debug|Any CPU
		{CC41AE41-BF5B-412F-9D56-0836BD2F50A2}.Release|Any CPU.ActiveCfg = Release|Any CPU
		{CC41AE41-BF5B-412F-9D56-0836BD2F50A2}.Release|Any CPU.Build.0 = Release|Any CPU
	EndGlobalSection
	GlobalSection(SolutionProperties) = preSolution
		HideSolutionNode = FALSE
	EndGlobalSection
	GlobalSection(ExtensibilityGlobals) = postSolution
		SolutionGuid = {170AB322-9266-446B-85A6-15CDCDC3F068}
	EndGlobalSection
EndGlobal
